// !$*UTF8*$!
{
	archiveVersion = 1;
	classes = {
	};
	objectVersion = 55;
	objects = {

/* Begin PBXBuildFile section */
		C9064D9A282831B70069C5ED /* DummyViewController.swift in Sources */ = {isa = PBXBuildFile; fileRef = C9064D99282831B60069C5ED /* DummyViewController.swift */; };
		C9214DF328204D980099FEF2 /* AppDelegate.swift in Sources */ = {isa = PBXBuildFile; fileRef = C9214DF228204D980099FEF2 /* AppDelegate.swift */; };
		C9214DF728204D980099FEF2 /* LoginViewController.swift in Sources */ = {isa = PBXBuildFile; fileRef = C9214DF628204D980099FEF2 /* LoginViewController.swift */; };
		C9214DFC28204D990099FEF2 /* Assets.xcassets in Resources */ = {isa = PBXBuildFile; fileRef = C9214DFB28204D990099FEF2 /* Assets.xcassets */; };
		C9214DFF28204D990099FEF2 /* LaunchScreen.storyboard in Resources */ = {isa = PBXBuildFile; fileRef = C9214DFD28204D990099FEF2 /* LaunchScreen.storyboard */; };
		C9214E2A282057FA0099FEF2 /* LoginView.swift in Sources */ = {isa = PBXBuildFile; fileRef = C9214E29282057FA0099FEF2 /* LoginView.swift */; };
		C937F4612822E2800038AB65 /* OnboardingContainerViewController.swift in Sources */ = {isa = PBXBuildFile; fileRef = C937F4602822E2800038AB65 /* OnboardingContainerViewController.swift */; };
		C94B8ADA282D5F060074A75E /* LocalState.swift in Sources */ = {isa = PBXBuildFile; fileRef = C94B8AD9282D5F060074A75E /* LocalState.swift */; };
		C94B8ADC282D6CE70074A75E /* UIViewController+Utils.swift in Sources */ = {isa = PBXBuildFile; fileRef = C94B8ADB282D6CE70074A75E /* UIViewController+Utils.swift */; };
		C94B8ADE282D6F240074A75E /* MainViewController.swift in Sources */ = {isa = PBXBuildFile; fileRef = C94B8ADD282D6F240074A75E /* MainViewController.swift */; };
		C984372A28315C9600633CA6 /* CurrencyFormatter.swift in Sources */ = {isa = PBXBuildFile; fileRef = C984372928315C9600633CA6 /* CurrencyFormatter.swift */; };
		C9A9F49C28380A8F00BA5728 /* NSNotificationName.swift in Sources */ = {isa = PBXBuildFile; fileRef = C9A9F49B28380A8F00BA5728 /* NSNotificationName.swift */; };
		C9A9F49E28380D5500BA5728 /* UITextField+SecureToggle.swift in Sources */ = {isa = PBXBuildFile; fileRef = C9A9F49D28380D5500BA5728 /* UITextField+SecureToggle.swift */; };
		C9AEADD5282F757800DEBEB3 /* SceneDelegate.swift in Sources */ = {isa = PBXBuildFile; fileRef = C9AEADD4282F757800DEBEB3 /* SceneDelegate.swift */; };
		C9DAC897282FF4C4000EB215 /* AccountSummaryCell.swift in Sources */ = {isa = PBXBuildFile; fileRef = C9DAC896282FF4C4000EB215 /* AccountSummaryCell.swift */; };
		C9F8D4682833F0C4007BAE84 /* CurrencyFormatterTest.swift in Sources */ = {isa = PBXBuildFile; fileRef = C9F8D4672833F0C4007BAE84 /* CurrencyFormatterTest.swift */; };
		C9FF53E428242C850024FE7F /* OnboardingViewController.swift in Sources */ = {isa = PBXBuildFile; fileRef = C9FF53E328242C850024FE7F /* OnboardingViewController.swift */; };
		C9FFF645282EA40500278313 /* AccountSummaryViewController.swift in Sources */ = {isa = PBXBuildFile; fileRef = C9FFF644282EA40500278313 /* AccountSummaryViewController.swift */; };
		C9FFF647282EAAC300278313 /* AccountSummaryHeaderView.swift in Sources */ = {isa = PBXBuildFile; fileRef = C9FFF646282EAAC300278313 /* AccountSummaryHeaderView.swift */; };
		C9FFF64E282EAB9C00278313 /* AccountSummaryHeaderView.xib in Resources */ = {isa = PBXBuildFile; fileRef = C9FFF64D282EAB9C00278313 /* AccountSummaryHeaderView.xib */; };
/* End PBXBuildFile section */

/* Begin PBXContainerItemProxy section */
		C9F8D4622833F020007BAE84 /* PBXContainerItemProxy */ = {
			isa = PBXContainerItemProxy;
			containerPortal = C9214DE728204D980099FEF2 /* Project object */;
			proxyType = 1;
			remoteGlobalIDString = C9214DEE28204D980099FEF2;
			remoteInfo = Banco;
		};
/* End PBXContainerItemProxy section */

/* Begin PBXFileReference section */
		C9064D99282831B60069C5ED /* DummyViewController.swift */ = {isa = PBXFileReference; lastKnownFileType = sourcecode.swift; path = DummyViewController.swift; sourceTree = "<group>"; };
		C9214DEF28204D980099FEF2 /* Banco.app */ = {isa = PBXFileReference; explicitFileType = wrapper.application; includeInIndex = 0; path = Banco.app; sourceTree = BUILT_PRODUCTS_DIR; };
		C9214DF228204D980099FEF2 /* AppDelegate.swift */ = {isa = PBXFileReference; lastKnownFileType = sourcecode.swift; path = AppDelegate.swift; sourceTree = "<group>"; };
		C9214DF628204D980099FEF2 /* LoginViewController.swift */ = {isa = PBXFileReference; lastKnownFileType = sourcecode.swift; path = LoginViewController.swift; sourceTree = "<group>"; };
		C9214DFB28204D990099FEF2 /* Assets.xcassets */ = {isa = PBXFileReference; lastKnownFileType = folder.assetcatalog; path = Assets.xcassets; sourceTree = "<group>"; };
		C9214DFE28204D990099FEF2 /* Base */ = {isa = PBXFileReference; lastKnownFileType = file.storyboard; name = Base; path = Base.lproj/LaunchScreen.storyboard; sourceTree = "<group>"; };
		C9214E0028204D990099FEF2 /* Info.plist */ = {isa = PBXFileReference; lastKnownFileType = text.plist.xml; path = Info.plist; sourceTree = "<group>"; };
		C9214E29282057FA0099FEF2 /* LoginView.swift */ = {isa = PBXFileReference; lastKnownFileType = sourcecode.swift; path = LoginView.swift; sourceTree = "<group>"; };
		C937F4602822E2800038AB65 /* OnboardingContainerViewController.swift */ = {isa = PBXFileReference; lastKnownFileType = sourcecode.swift; path = OnboardingContainerViewController.swift; sourceTree = "<group>"; };
		C94B8AD9282D5F060074A75E /* LocalState.swift */ = {isa = PBXFileReference; lastKnownFileType = sourcecode.swift; path = LocalState.swift; sourceTree = "<group>"; };
		C94B8ADB282D6CE70074A75E /* UIViewController+Utils.swift */ = {isa = PBXFileReference; lastKnownFileType = sourcecode.swift; path = "UIViewController+Utils.swift"; sourceTree = "<group>"; };
		C94B8ADD282D6F240074A75E /* MainViewController.swift */ = {isa = PBXFileReference; lastKnownFileType = sourcecode.swift; path = MainViewController.swift; sourceTree = "<group>"; };
		C984372928315C9600633CA6 /* CurrencyFormatter.swift */ = {isa = PBXFileReference; lastKnownFileType = sourcecode.swift; path = CurrencyFormatter.swift; sourceTree = "<group>"; };
		C9A9F49B28380A8F00BA5728 /* NSNotificationName.swift */ = {isa = PBXFileReference; lastKnownFileType = sourcecode.swift; path = NSNotificationName.swift; sourceTree = "<group>"; };
		C9A9F49D28380D5500BA5728 /* UITextField+SecureToggle.swift */ = {isa = PBXFileReference; lastKnownFileType = sourcecode.swift; path = "UITextField+SecureToggle.swift"; sourceTree = "<group>"; };
		C9AEADD4282F757800DEBEB3 /* SceneDelegate.swift */ = {isa = PBXFileReference; lastKnownFileType = sourcecode.swift; path = SceneDelegate.swift; sourceTree = "<group>"; };
		C9DAC896282FF4C4000EB215 /* AccountSummaryCell.swift */ = {isa = PBXFileReference; lastKnownFileType = sourcecode.swift; path = AccountSummaryCell.swift; sourceTree = "<group>"; };
		C9F8D45E2833F020007BAE84 /* BancoUnitTests.xctest */ = {isa = PBXFileReference; explicitFileType = wrapper.cfbundle; includeInIndex = 0; path = BancoUnitTests.xctest; sourceTree = BUILT_PRODUCTS_DIR; };
		C9F8D4672833F0C4007BAE84 /* CurrencyFormatterTest.swift */ = {isa = PBXFileReference; lastKnownFileType = sourcecode.swift; path = CurrencyFormatterTest.swift; sourceTree = "<group>"; };
		C9FF53E328242C850024FE7F /* OnboardingViewController.swift */ = {isa = PBXFileReference; lastKnownFileType = sourcecode.swift; path = OnboardingViewController.swift; sourceTree = "<group>"; };
		C9FFF644282EA40500278313 /* AccountSummaryViewController.swift */ = {isa = PBXFileReference; lastKnownFileType = sourcecode.swift; path = AccountSummaryViewController.swift; sourceTree = "<group>"; };
		C9FFF646282EAAC300278313 /* AccountSummaryHeaderView.swift */ = {isa = PBXFileReference; lastKnownFileType = sourcecode.swift; path = AccountSummaryHeaderView.swift; sourceTree = "<group>"; };
		C9FFF64D282EAB9C00278313 /* AccountSummaryHeaderView.xib */ = {isa = PBXFileReference; lastKnownFileType = file.xib; path = AccountSummaryHeaderView.xib; sourceTree = "<group>"; };
/* End PBXFileReference section */

/* Begin PBXFrameworksBuildPhase section */
		C9214DEC28204D980099FEF2 /* Frameworks */ = {
			isa = PBXFrameworksBuildPhase;
			buildActionMask = 2147483647;
			files = (
			);
			runOnlyForDeploymentPostprocessing = 0;
		};
		C9F8D45B2833F020007BAE84 /* Frameworks */ = {
			isa = PBXFrameworksBuildPhase;
			buildActionMask = 2147483647;
			files = (
			);
			runOnlyForDeploymentPostprocessing = 0;
		};
/* End PBXFrameworksBuildPhase section */

/* Begin PBXGroup section */
		C9214DE628204D980099FEF2 = {
			isa = PBXGroup;
			children = (
				C9214DF128204D980099FEF2 /* Banco */,
				C9F8D45F2833F020007BAE84 /* BancoUnitTests */,
				C9214DF028204D980099FEF2 /* Products */,
			);
			sourceTree = "<group>";
		};
		C9214DF028204D980099FEF2 /* Products */ = {
			isa = PBXGroup;
			children = (
				C9214DEF28204D980099FEF2 /* Banco.app */,
				C9F8D45E2833F020007BAE84 /* BancoUnitTests.xctest */,
			);
			name = Products;
			sourceTree = "<group>";
		};
		C9214DF128204D980099FEF2 /* Banco */ = {
			isa = PBXGroup;
			children = (
				C9214E28282057E90099FEF2 /* Application Delegate */,
				C9A9F49F28380D9500BA5728 /* Configuration */,
				C94B8AD8282D5EC30074A75E /* Utils */,
				C937F45E2822DE7E0038AB65 /* Modules */,
				C9214E26282057990099FEF2 /* Supporting Files */,
			);
			path = Banco;
			sourceTree = "<group>";
		};
		C9214E26282057990099FEF2 /* Supporting Files */ = {
			isa = PBXGroup;
			children = (
				C9214DFB28204D990099FEF2 /* Assets.xcassets */,
				C9214DFD28204D990099FEF2 /* LaunchScreen.storyboard */,
				C9214E0028204D990099FEF2 /* Info.plist */,
			);
			name = "Supporting Files";
			sourceTree = "<group>";
		};
		C9214E27282057D40099FEF2 /* Login */ = {
			isa = PBXGroup;
			children = (
				C9FFF649282EAAD600278313 /* Views */,
				C9FFF64A282EAADE00278313 /* View Controllers */,
			);
			path = Login;
			sourceTree = "<group>";
		};
		C9214E28282057E90099FEF2 /* Application Delegate */ = {
			isa = PBXGroup;
			children = (
				C9214DF228204D980099FEF2 /* AppDelegate.swift */,
				C9AEADD4282F757800DEBEB3 /* SceneDelegate.swift */,
			);
			path = "Application Delegate";
			sourceTree = "<group>";
		};
		C937F45E2822DE7E0038AB65 /* Modules */ = {
			isa = PBXGroup;
			children = (
				C937F45F2822E2570038AB65 /* Onboarding */,
				C9214E27282057D40099FEF2 /* Login */,
				C9A9F49A2838080F00BA5728 /* Main Tab Controller */,
				C9FFF643282EA35200278313 /* Account Summary */,
			);
			path = Modules;
			sourceTree = "<group>";
		};
		C937F45F2822E2570038AB65 /* Onboarding */ = {
			isa = PBXGroup;
			children = (
				C9FF53E328242C850024FE7F /* OnboardingViewController.swift */,
				C937F4602822E2800038AB65 /* OnboardingContainerViewController.swift */,
			);
			path = Onboarding;
			sourceTree = "<group>";
		};
		C94B8AD8282D5EC30074A75E /* Utils */ = {
			isa = PBXGroup;
			children = (
				C9A9F49D28380D5500BA5728 /* UITextField+SecureToggle.swift */,
				C94B8ADB282D6CE70074A75E /* UIViewController+Utils.swift */,
				C984372928315C9600633CA6 /* CurrencyFormatter.swift */,
			);
			path = Utils;
			sourceTree = "<group>";
		};
		C9A9F49A2838080F00BA5728 /* Main Tab Controller */ = {
			isa = PBXGroup;
			children = (
				C94B8ADD282D6F240074A75E /* MainViewController.swift */,
			);
			path = "Main Tab Controller";
			sourceTree = "<group>";
		};
		C9A9F49F28380D9500BA5728 /* Configuration */ = {
			isa = PBXGroup;
			children = (
				C9A9F49B28380A8F00BA5728 /* NSNotificationName.swift */,
				C94B8AD9282D5F060074A75E /* LocalState.swift */,
			);
			path = Configuration;
			sourceTree = "<group>";
		};
		C9F8D45F2833F020007BAE84 /* BancoUnitTests */ = {
			isa = PBXGroup;
			children = (
				C9F8D4672833F0C4007BAE84 /* CurrencyFormatterTest.swift */,
			);
			path = BancoUnitTests;
			sourceTree = "<group>";
		};
		C9FFF643282EA35200278313 /* Account Summary */ = {
			isa = PBXGroup;
			children = (
				C9FFF64B282EAAE500278313 /* Views */,
				C9FFF64C282EAAEA00278313 /* View Controllers */,
			);
			path = "Account Summary";
			sourceTree = "<group>";
		};
		C9FFF649282EAAD600278313 /* Views */ = {
			isa = PBXGroup;
			children = (
				C9214E29282057FA0099FEF2 /* LoginView.swift */,
			);
			path = Views;
			sourceTree = "<group>";
		};
		C9FFF64A282EAADE00278313 /* View Controllers */ = {
			isa = PBXGroup;
			children = (
				C9214DF628204D980099FEF2 /* LoginViewController.swift */,
				C9064D99282831B60069C5ED /* DummyViewController.swift */,
			);
			path = "View Controllers";
			sourceTree = "<group>";
		};
		C9FFF64B282EAAE500278313 /* Views */ = {
			isa = PBXGroup;
			children = (
				C9FFF64D282EAB9C00278313 /* AccountSummaryHeaderView.xib */,
				C9FFF646282EAAC300278313 /* AccountSummaryHeaderView.swift */,
				C9DAC896282FF4C4000EB215 /* AccountSummaryCell.swift */,
			);
			path = Views;
			sourceTree = "<group>";
		};
		C9FFF64C282EAAEA00278313 /* View Controllers */ = {
			isa = PBXGroup;
			children = (
				C9FFF644282EA40500278313 /* AccountSummaryViewController.swift */,
			);
			path = "View Controllers";
			sourceTree = "<group>";
		};
/* End PBXGroup section */

/* Begin PBXNativeTarget section */
		C9214DEE28204D980099FEF2 /* Banco */ = {
			isa = PBXNativeTarget;
			buildConfigurationList = C9214E0328204D990099FEF2 /* Build configuration list for PBXNativeTarget "Banco" */;
			buildPhases = (
				C9214DEB28204D980099FEF2 /* Sources */,
				C9214DEC28204D980099FEF2 /* Frameworks */,
				C9214DED28204D980099FEF2 /* Resources */,
			);
			buildRules = (
			);
			dependencies = (
			);
			name = Banco;
			productName = Banco;
			productReference = C9214DEF28204D980099FEF2 /* Banco.app */;
			productType = "com.apple.product-type.application";
		};
		C9F8D45D2833F020007BAE84 /* BancoUnitTests */ = {
			isa = PBXNativeTarget;
			buildConfigurationList = C9F8D4662833F020007BAE84 /* Build configuration list for PBXNativeTarget "BancoUnitTests" */;
			buildPhases = (
				C9F8D45A2833F020007BAE84 /* Sources */,
				C9F8D45B2833F020007BAE84 /* Frameworks */,
				C9F8D45C2833F020007BAE84 /* Resources */,
			);
			buildRules = (
			);
			dependencies = (
				C9F8D4632833F020007BAE84 /* PBXTargetDependency */,
			);
			name = BancoUnitTests;
			productName = BancoUnitTests;
			productReference = C9F8D45E2833F020007BAE84 /* BancoUnitTests.xctest */;
			productType = "com.apple.product-type.bundle.unit-test";
		};
/* End PBXNativeTarget section */

/* Begin PBXProject section */
		C9214DE728204D980099FEF2 /* Project object */ = {
			isa = PBXProject;
			attributes = {
				BuildIndependentTargetsInParallel = 1;
				LastSwiftUpdateCheck = 1330;
				LastUpgradeCheck = 1330;
				TargetAttributes = {
					C9214DEE28204D980099FEF2 = {
						CreatedOnToolsVersion = 13.3.1;
					};
					C9F8D45D2833F020007BAE84 = {
						CreatedOnToolsVersion = 13.3.1;
						LastSwiftMigration = 1330;
						TestTargetID = C9214DEE28204D980099FEF2;
					};
				};
			};
			buildConfigurationList = C9214DEA28204D980099FEF2 /* Build configuration list for PBXProject "Banco" */;
			compatibilityVersion = "Xcode 13.0";
			developmentRegion = en;
			hasScannedForEncodings = 0;
			knownRegions = (
				en,
				Base,
			);
			mainGroup = C9214DE628204D980099FEF2;
			productRefGroup = C9214DF028204D980099FEF2 /* Products */;
			projectDirPath = "";
			projectRoot = "";
			targets = (
				C9214DEE28204D980099FEF2 /* Banco */,
				C9F8D45D2833F020007BAE84 /* BancoUnitTests */,
			);
		};
/* End PBXProject section */

/* Begin PBXResourcesBuildPhase section */
		C9214DED28204D980099FEF2 /* Resources */ = {
			isa = PBXResourcesBuildPhase;
			buildActionMask = 2147483647;
			files = (
				C9FFF64E282EAB9C00278313 /* AccountSummaryHeaderView.xib in Resources */,
				C9214DFF28204D990099FEF2 /* LaunchScreen.storyboard in Resources */,
				C9214DFC28204D990099FEF2 /* Assets.xcassets in Resources */,
			);
			runOnlyForDeploymentPostprocessing = 0;
		};
		C9F8D45C2833F020007BAE84 /* Resources */ = {
			isa = PBXResourcesBuildPhase;
			buildActionMask = 2147483647;
			files = (
			);
			runOnlyForDeploymentPostprocessing = 0;
		};
/* End PBXResourcesBuildPhase section */

/* Begin PBXSourcesBuildPhase section */
		C9214DEB28204D980099FEF2 /* Sources */ = {
			isa = PBXSourcesBuildPhase;
			buildActionMask = 2147483647;
			files = (
				C94B8ADC282D6CE70074A75E /* UIViewController+Utils.swift in Sources */,
				C9DAC897282FF4C4000EB215 /* AccountSummaryCell.swift in Sources */,
				C9214E2A282057FA0099FEF2 /* LoginView.swift in Sources */,
				C94B8ADA282D5F060074A75E /* LocalState.swift in Sources */,
				C9A9F49E28380D5500BA5728 /* UITextField+SecureToggle.swift in Sources */,
				C9FFF647282EAAC300278313 /* AccountSummaryHeaderView.swift in Sources */,
				C984372A28315C9600633CA6 /* CurrencyFormatter.swift in Sources */,
				C9064D9A282831B70069C5ED /* DummyViewController.swift in Sources */,
				C9A9F49C28380A8F00BA5728 /* NSNotificationName.swift in Sources */,
				C9214DF728204D980099FEF2 /* LoginViewController.swift in Sources */,
				C9FF53E428242C850024FE7F /* OnboardingViewController.swift in Sources */,
				C94B8ADE282D6F240074A75E /* MainViewController.swift in Sources */,
				C9FFF645282EA40500278313 /* AccountSummaryViewController.swift in Sources */,
				C9214DF328204D980099FEF2 /* AppDelegate.swift in Sources */,
				C937F4612822E2800038AB65 /* OnboardingContainerViewController.swift in Sources */,
				C9AEADD5282F757800DEBEB3 /* SceneDelegate.swift in Sources */,
			);
			runOnlyForDeploymentPostprocessing = 0;
		};
		C9F8D45A2833F020007BAE84 /* Sources */ = {
			isa = PBXSourcesBuildPhase;
			buildActionMask = 2147483647;
			files = (
				C9F8D4682833F0C4007BAE84 /* CurrencyFormatterTest.swift in Sources */,
			);
			runOnlyForDeploymentPostprocessing = 0;
		};
/* End PBXSourcesBuildPhase section */

/* Begin PBXTargetDependency section */
		C9F8D4632833F020007BAE84 /* PBXTargetDependency */ = {
			isa = PBXTargetDependency;
			target = C9214DEE28204D980099FEF2 /* Banco */;
			targetProxy = C9F8D4622833F020007BAE84 /* PBXContainerItemProxy */;
		};
/* End PBXTargetDependency section */

/* Begin PBXVariantGroup section */
		C9214DFD28204D990099FEF2 /* LaunchScreen.storyboard */ = {
			isa = PBXVariantGroup;
			children = (
				C9214DFE28204D990099FEF2 /* Base */,
			);
			name = LaunchScreen.storyboard;
			sourceTree = "<group>";
		};
/* End PBXVariantGroup section */

/* Begin XCBuildConfiguration section */
		C9214E0128204D990099FEF2 /* Debug */ = {
			isa = XCBuildConfiguration;
			buildSettings = {
				ALWAYS_SEARCH_USER_PATHS = NO;
				CLANG_ANALYZER_NONNULL = YES;
				CLANG_ANALYZER_NUMBER_OBJECT_CONVERSION = YES_AGGRESSIVE;
				CLANG_CXX_LANGUAGE_STANDARD = "gnu++17";
				CLANG_ENABLE_MODULES = YES;
				CLANG_ENABLE_OBJC_ARC = YES;
				CLANG_ENABLE_OBJC_WEAK = YES;
				CLANG_WARN_BLOCK_CAPTURE_AUTORELEASING = YES;
				CLANG_WARN_BOOL_CONVERSION = YES;
				CLANG_WARN_COMMA = YES;
				CLANG_WARN_CONSTANT_CONVERSION = YES;
				CLANG_WARN_DEPRECATED_OBJC_IMPLEMENTATIONS = YES;
				CLANG_WARN_DIRECT_OBJC_ISA_USAGE = YES_ERROR;
				CLANG_WARN_DOCUMENTATION_COMMENTS = YES;
				CLANG_WARN_EMPTY_BODY = YES;
				CLANG_WARN_ENUM_CONVERSION = YES;
				CLANG_WARN_INFINITE_RECURSION = YES;
				CLANG_WARN_INT_CONVERSION = YES;
				CLANG_WARN_NON_LITERAL_NULL_CONVERSION = YES;
				CLANG_WARN_OBJC_IMPLICIT_RETAIN_SELF = YES;
				CLANG_WARN_OBJC_LITERAL_CONVERSION = YES;
				CLANG_WARN_OBJC_ROOT_CLASS = YES_ERROR;
				CLANG_WARN_QUOTED_INCLUDE_IN_FRAMEWORK_HEADER = YES;
				CLANG_WARN_RANGE_LOOP_ANALYSIS = YES;
				CLANG_WARN_STRICT_PROTOTYPES = YES;
				CLANG_WARN_SUSPICIOUS_MOVE = YES;
				CLANG_WARN_UNGUARDED_AVAILABILITY = YES_AGGRESSIVE;
				CLANG_WARN_UNREACHABLE_CODE = YES;
				CLANG_WARN__DUPLICATE_METHOD_MATCH = YES;
				COPY_PHASE_STRIP = NO;
				DEBUG_INFORMATION_FORMAT = dwarf;
				ENABLE_STRICT_OBJC_MSGSEND = YES;
				ENABLE_TESTABILITY = YES;
				GCC_C_LANGUAGE_STANDARD = gnu11;
				GCC_DYNAMIC_NO_PIC = NO;
				GCC_NO_COMMON_BLOCKS = YES;
				GCC_OPTIMIZATION_LEVEL = 0;
				GCC_PREPROCESSOR_DEFINITIONS = (
					"DEBUG=1",
					"$(inherited)",
				);
				GCC_WARN_64_TO_32_BIT_CONVERSION = YES;
				GCC_WARN_ABOUT_RETURN_TYPE = YES_ERROR;
				GCC_WARN_UNDECLARED_SELECTOR = YES;
				GCC_WARN_UNINITIALIZED_AUTOS = YES_AGGRESSIVE;
				GCC_WARN_UNUSED_FUNCTION = YES;
				GCC_WARN_UNUSED_VARIABLE = YES;
				IPHONEOS_DEPLOYMENT_TARGET = 15.4;
				MTL_ENABLE_DEBUG_INFO = INCLUDE_SOURCE;
				MTL_FAST_MATH = YES;
				ONLY_ACTIVE_ARCH = YES;
				SDKROOT = iphoneos;
				SWIFT_ACTIVE_COMPILATION_CONDITIONS = DEBUG;
				SWIFT_OPTIMIZATION_LEVEL = "-Onone";
			};
			name = Debug;
		};
		C9214E0228204D990099FEF2 /* Release */ = {
			isa = XCBuildConfiguration;
			buildSettings = {
				ALWAYS_SEARCH_USER_PATHS = NO;
				CLANG_ANALYZER_NONNULL = YES;
				CLANG_ANALYZER_NUMBER_OBJECT_CONVERSION = YES_AGGRESSIVE;
				CLANG_CXX_LANGUAGE_STANDARD = "gnu++17";
				CLANG_ENABLE_MODULES = YES;
				CLANG_ENABLE_OBJC_ARC = YES;
				CLANG_ENABLE_OBJC_WEAK = YES;
				CLANG_WARN_BLOCK_CAPTURE_AUTORELEASING = YES;
				CLANG_WARN_BOOL_CONVERSION = YES;
				CLANG_WARN_COMMA = YES;
				CLANG_WARN_CONSTANT_CONVERSION = YES;
				CLANG_WARN_DEPRECATED_OBJC_IMPLEMENTATIONS = YES;
				CLANG_WARN_DIRECT_OBJC_ISA_USAGE = YES_ERROR;
				CLANG_WARN_DOCUMENTATION_COMMENTS = YES;
				CLANG_WARN_EMPTY_BODY = YES;
				CLANG_WARN_ENUM_CONVERSION = YES;
				CLANG_WARN_INFINITE_RECURSION = YES;
				CLANG_WARN_INT_CONVERSION = YES;
				CLANG_WARN_NON_LITERAL_NULL_CONVERSION = YES;
				CLANG_WARN_OBJC_IMPLICIT_RETAIN_SELF = YES;
				CLANG_WARN_OBJC_LITERAL_CONVERSION = YES;
				CLANG_WARN_OBJC_ROOT_CLASS = YES_ERROR;
				CLANG_WARN_QUOTED_INCLUDE_IN_FRAMEWORK_HEADER = YES;
				CLANG_WARN_RANGE_LOOP_ANALYSIS = YES;
				CLANG_WARN_STRICT_PROTOTYPES = YES;
				CLANG_WARN_SUSPICIOUS_MOVE = YES;
				CLANG_WARN_UNGUARDED_AVAILABILITY = YES_AGGRESSIVE;
				CLANG_WARN_UNREACHABLE_CODE = YES;
				CLANG_WARN__DUPLICATE_METHOD_MATCH = YES;
				COPY_PHASE_STRIP = NO;
				DEBUG_INFORMATION_FORMAT = "dwarf-with-dsym";
				ENABLE_NS_ASSERTIONS = NO;
				ENABLE_STRICT_OBJC_MSGSEND = YES;
				GCC_C_LANGUAGE_STANDARD = gnu11;
				GCC_NO_COMMON_BLOCKS = YES;
				GCC_WARN_64_TO_32_BIT_CONVERSION = YES;
				GCC_WARN_ABOUT_RETURN_TYPE = YES_ERROR;
				GCC_WARN_UNDECLARED_SELECTOR = YES;
				GCC_WARN_UNINITIALIZED_AUTOS = YES_AGGRESSIVE;
				GCC_WARN_UNUSED_FUNCTION = YES;
				GCC_WARN_UNUSED_VARIABLE = YES;
				IPHONEOS_DEPLOYMENT_TARGET = 15.4;
				MTL_ENABLE_DEBUG_INFO = NO;
				MTL_FAST_MATH = YES;
				SDKROOT = iphoneos;
				SWIFT_COMPILATION_MODE = wholemodule;
				SWIFT_OPTIMIZATION_LEVEL = "-O";
				VALIDATE_PRODUCT = YES;
			};
			name = Release;
		};
		C9214E0428204D990099FEF2 /* Debug */ = {
			isa = XCBuildConfiguration;
			buildSettings = {
				ASSETCATALOG_COMPILER_APPICON_NAME = AppIcon;
				ASSETCATALOG_COMPILER_GLOBAL_ACCENT_COLOR_NAME = AccentColor;
				CODE_SIGN_STYLE = Automatic;
				CURRENT_PROJECT_VERSION = 1;
				DEVELOPMENT_TEAM = BJQF9JJWDE;
				GENERATE_INFOPLIST_FILE = YES;
				INFOPLIST_FILE = Banco/Info.plist;
				INFOPLIST_KEY_UIApplicationSupportsIndirectInputEvents = YES;
				INFOPLIST_KEY_UILaunchStoryboardName = LaunchScreen;
				INFOPLIST_KEY_UISupportedInterfaceOrientations_iPad = "UIInterfaceOrientationPortrait UIInterfaceOrientationPortraitUpsideDown UIInterfaceOrientationLandscapeLeft UIInterfaceOrientationLandscapeRight";
				INFOPLIST_KEY_UISupportedInterfaceOrientations_iPhone = "UIInterfaceOrientationPortrait UIInterfaceOrientationLandscapeLeft UIInterfaceOrientationLandscapeRight";
				LD_RUNPATH_SEARCH_PATHS = (
					"$(inherited)",
					"@executable_path/Frameworks",
				);
				MARKETING_VERSION = 1.0;
				PRODUCT_BUNDLE_IDENTIFIER = com.jlcs.Banco;
				PRODUCT_NAME = "$(TARGET_NAME)";
				SWIFT_EMIT_LOC_STRINGS = YES;
				SWIFT_VERSION = 5.0;
				TARGETED_DEVICE_FAMILY = "1,2";
			};
			name = Debug;
		};
		C9214E0528204D990099FEF2 /* Release */ = {
			isa = XCBuildConfiguration;
			buildSettings = {
				ASSETCATALOG_COMPILER_APPICON_NAME = AppIcon;
				ASSETCATALOG_COMPILER_GLOBAL_ACCENT_COLOR_NAME = AccentColor;
				CODE_SIGN_STYLE = Automatic;
				CURRENT_PROJECT_VERSION = 1;
				DEVELOPMENT_TEAM = BJQF9JJWDE;
				GENERATE_INFOPLIST_FILE = YES;
				INFOPLIST_FILE = Banco/Info.plist;
				INFOPLIST_KEY_UIApplicationSupportsIndirectInputEvents = YES;
				INFOPLIST_KEY_UILaunchStoryboardName = LaunchScreen;
				INFOPLIST_KEY_UISupportedInterfaceOrientations_iPad = "UIInterfaceOrientationPortrait UIInterfaceOrientationPortraitUpsideDown UIInterfaceOrientationLandscapeLeft UIInterfaceOrientationLandscapeRight";
				INFOPLIST_KEY_UISupportedInterfaceOrientations_iPhone = "UIInterfaceOrientationPortrait UIInterfaceOrientationLandscapeLeft UIInterfaceOrientationLandscapeRight";
				LD_RUNPATH_SEARCH_PATHS = (
					"$(inherited)",
					"@executable_path/Frameworks",
				);
				MARKETING_VERSION = 1.0;
				PRODUCT_BUNDLE_IDENTIFIER = com.jlcs.Banco;
				PRODUCT_NAME = "$(TARGET_NAME)";
				SWIFT_EMIT_LOC_STRINGS = YES;
				SWIFT_VERSION = 5.0;
				TARGETED_DEVICE_FAMILY = "1,2";
			};
			name = Release;
		};
		C9F8D4642833F020007BAE84 /* Debug */ = {
			isa = XCBuildConfiguration;
			buildSettings = {
				BUNDLE_LOADER = "$(TEST_HOST)";
				CLANG_ENABLE_MODULES = YES;
				CODE_SIGN_STYLE = Automatic;
				CURRENT_PROJECT_VERSION = 1;
				DEVELOPMENT_TEAM = BJQF9JJWDE;
				GENERATE_INFOPLIST_FILE = YES;
				LD_RUNPATH_SEARCH_PATHS = (
					"$(inherited)",
					"@executable_path/Frameworks",
					"@loader_path/Frameworks",
				);
				MARKETING_VERSION = 1.0;
				PRODUCT_BUNDLE_IDENTIFIER = com.jlcs.BancoUnitTests;
				PRODUCT_NAME = "$(TARGET_NAME)";
				SWIFT_EMIT_LOC_STRINGS = NO;
				SWIFT_OPTIMIZATION_LEVEL = "-Onone";
				SWIFT_VERSION = 5.0;
				TARGETED_DEVICE_FAMILY = "1,2";
				TEST_HOST = "$(BUILT_PRODUCTS_DIR)/Banco.app/Banco";
			};
			name = Debug;
		};
		C9F8D4652833F020007BAE84 /* Release */ = {
			isa = XCBuildConfiguration;
			buildSettings = {
				BUNDLE_LOADER = "$(TEST_HOST)";
				CLANG_ENABLE_MODULES = YES;
				CODE_SIGN_STYLE = Automatic;
				CURRENT_PROJECT_VERSION = 1;
				DEVELOPMENT_TEAM = BJQF9JJWDE;
				GENERATE_INFOPLIST_FILE = YES;
				LD_RUNPATH_SEARCH_PATHS = (
					"$(inherited)",
					"@executable_path/Frameworks",
					"@loader_path/Frameworks",
				);
				MARKETING_VERSION = 1.0;
				PRODUCT_BUNDLE_IDENTIFIER = com.jlcs.BancoUnitTests;
				PRODUCT_NAME = "$(TARGET_NAME)";
				SWIFT_EMIT_LOC_STRINGS = NO;
				SWIFT_VERSION = 5.0;
				TARGETED_DEVICE_FAMILY = "1,2";
				TEST_HOST = "$(BUILT_PRODUCTS_DIR)/Banco.app/Banco";
			};
			name = Release;
		};
/* End XCBuildConfiguration section */

/* Begin XCConfigurationList section */
		C9214DEA28204D980099FEF2 /* Build configuration list for PBXProject "Banco" */ = {
			isa = XCConfigurationList;
			buildConfigurations = (
				C9214E0128204D990099FEF2 /* Debug */,
				C9214E0228204D990099FEF2 /* Release */,
			);
			defaultConfigurationIsVisible = 0;
			defaultConfigurationName = Release;
		};
		C9214E0328204D990099FEF2 /* Build configuration list for PBXNativeTarget "Banco" */ = {
			isa = XCConfigurationList;
			buildConfigurations = (
				C9214E0428204D990099FEF2 /* Debug */,
				C9214E0528204D990099FEF2 /* Release */,
			);
			defaultConfigurationIsVisible = 0;
			defaultConfigurationName = Release;
		};
		C9F8D4662833F020007BAE84 /* Build configuration list for PBXNativeTarget "BancoUnitTests" */ = {
			isa = XCConfigurationList;
			buildConfigurations = (
				C9F8D4642833F020007BAE84 /* Debug */,
				C9F8D4652833F020007BAE84 /* Release */,
			);
			defaultConfigurationIsVisible = 0;
			defaultConfigurationName = Release;
		};
/* End XCConfigurationList section */
	};
	rootObject = C9214DE728204D980099FEF2 /* Project object */;
}
